// !$*UTF8*$!
{
	archiveVersion = 1;
	classes = {
	};
	objectVersion = 55;
	objects = {

/* Begin PBXBuildFile section */
		453F258B28453C4E00E09250 /* AppDelegate.swift in Sources */ = {isa = PBXBuildFile; fileRef = 453F258A28453C4E00E09250 /* AppDelegate.swift */; };
		453F258D28453C4E00E09250 /* SceneDelegate.swift in Sources */ = {isa = PBXBuildFile; fileRef = 453F258C28453C4E00E09250 /* SceneDelegate.swift */; };
		453F258F28453C4E00E09250 /* StartScreenViewController.swift in Sources */ = {isa = PBXBuildFile; fileRef = 453F258E28453C4E00E09250 /* StartScreenViewController.swift */; };
		453F259428453C5300E09250 /* Assets.xcassets in Resources */ = {isa = PBXBuildFile; fileRef = 453F259328453C5300E09250 /* Assets.xcassets */; };
		453F259728453C5300E09250 /* LaunchScreen.storyboard in Resources */ = {isa = PBXBuildFile; fileRef = 453F259528453C5300E09250 /* LaunchScreen.storyboard */; };
		453F259F28453DA800E09250 /* StartScreenTableViewCell.swift in Sources */ = {isa = PBXBuildFile; fileRef = 453F259E28453DA800E09250 /* StartScreenTableViewCell.swift */; };
		453F25A228453E7800E09250 /* UILabelExtensions.swift in Sources */ = {isa = PBXBuildFile; fileRef = 453F25A128453E7800E09250 /* UILabelExtensions.swift */; };
		453F25A4284549E100E09250 /* UIViewExtensions.swift in Sources */ = {isa = PBXBuildFile; fileRef = 453F25A3284549E100E09250 /* UIViewExtensions.swift */; };
		454517CD28455A2300F16EC0 /* NetworkService.swift in Sources */ = {isa = PBXBuildFile; fileRef = 454517CC28455A2300F16EC0 /* NetworkService.swift */; };
		454517CF28455AD000F16EC0 /* NetModel.swift in Sources */ = {isa = PBXBuildFile; fileRef = 454517CE28455AD000F16EC0 /* NetModel.swift */; };
		454517D12845F17100F16EC0 /* NetworkError.swift in Sources */ = {isa = PBXBuildFile; fileRef = 454517D02845F17100F16EC0 /* NetworkError.swift */; };
		454517D3284602C400F16EC0 /* DetailsTripViewController.swift in Sources */ = {isa = PBXBuildFile; fileRef = 454517D2284602C400F16EC0 /* DetailsTripViewController.swift */; };
		454517D928460E6E00F16EC0 /* DateTransformer.swift in Sources */ = {isa = PBXBuildFile; fileRef = 454517D828460E6E00F16EC0 /* DateTransformer.swift */; };
		454517DC28460F7400F16EC0 /* TripModel.swift in Sources */ = {isa = PBXBuildFile; fileRef = 454517DB28460F7400F16EC0 /* TripModel.swift */; };
		454517DF284672A300F16EC0 /* UIImageExtensions.swift in Sources */ = {isa = PBXBuildFile; fileRef = 454517DE284672A300F16EC0 /* UIImageExtensions.swift */; };
		454517E12846741400F16EC0 /* UIImageView.swift in Sources */ = {isa = PBXBuildFile; fileRef = 454517E02846741400F16EC0 /* UIImageView.swift */; };
		454517E628468EAB00F16EC0 /* ProximaNova-Bold.ttf in Resources */ = {isa = PBXBuildFile; fileRef = 454517E328468EAB00F16EC0 /* ProximaNova-Bold.ttf */; };
		454517E728468EAB00F16EC0 /* ProximaNova-Black.ttf in Resources */ = {isa = PBXBuildFile; fileRef = 454517E428468EAB00F16EC0 /* ProximaNova-Black.ttf */; };
		454517E828468EAB00F16EC0 /* ProximaNova-Regular.ttf in Resources */ = {isa = PBXBuildFile; fileRef = 454517E528468EAB00F16EC0 /* ProximaNova-Regular.ttf */; };
		454517EA28468F6700F16EC0 /* UIFontExtension.swift in Sources */ = {isa = PBXBuildFile; fileRef = 454517E928468F6700F16EC0 /* UIFontExtension.swift */; };
/* End PBXBuildFile section */

/* Begin PBXFileReference section */
		453F258728453C4E00E09250 /* hightTimeToTravel.app */ = {isa = PBXFileReference; explicitFileType = wrapper.application; includeInIndex = 0; path = hightTimeToTravel.app; sourceTree = BUILT_PRODUCTS_DIR; };
		453F258A28453C4E00E09250 /* AppDelegate.swift */ = {isa = PBXFileReference; lastKnownFileType = sourcecode.swift; path = AppDelegate.swift; sourceTree = "<group>"; };
		453F258C28453C4E00E09250 /* SceneDelegate.swift */ = {isa = PBXFileReference; lastKnownFileType = sourcecode.swift; path = SceneDelegate.swift; sourceTree = "<group>"; };
		453F258E28453C4E00E09250 /* StartScreenViewController.swift */ = {isa = PBXFileReference; lastKnownFileType = sourcecode.swift; path = StartScreenViewController.swift; sourceTree = "<group>"; };
		453F259328453C5300E09250 /* Assets.xcassets */ = {isa = PBXFileReference; lastKnownFileType = folder.assetcatalog; path = Assets.xcassets; sourceTree = "<group>"; };
		453F259628453C5300E09250 /* Base */ = {isa = PBXFileReference; lastKnownFileType = file.storyboard; name = Base; path = Base.lproj/LaunchScreen.storyboard; sourceTree = "<group>"; };
		453F259828453C5300E09250 /* Info.plist */ = {isa = PBXFileReference; lastKnownFileType = text.plist.xml; path = Info.plist; sourceTree = "<group>"; };
		453F259E28453DA800E09250 /* StartScreenTableViewCell.swift */ = {isa = PBXFileReference; lastKnownFileType = sourcecode.swift; path = StartScreenTableViewCell.swift; sourceTree = "<group>"; };
		453F25A128453E7800E09250 /* UILabelExtensions.swift */ = {isa = PBXFileReference; lastKnownFileType = sourcecode.swift; path = UILabelExtensions.swift; sourceTree = "<group>"; };
		453F25A3284549E100E09250 /* UIViewExtensions.swift */ = {isa = PBXFileReference; lastKnownFileType = sourcecode.swift; path = UIViewExtensions.swift; sourceTree = "<group>"; };
		454517CC28455A2300F16EC0 /* NetworkService.swift */ = {isa = PBXFileReference; lastKnownFileType = sourcecode.swift; path = NetworkService.swift; sourceTree = "<group>"; };
		454517CE28455AD000F16EC0 /* NetModel.swift */ = {isa = PBXFileReference; lastKnownFileType = sourcecode.swift; path = NetModel.swift; sourceTree = "<group>"; };
		454517D02845F17100F16EC0 /* NetworkError.swift */ = {isa = PBXFileReference; lastKnownFileType = sourcecode.swift; path = NetworkError.swift; sourceTree = "<group>"; };
		454517D2284602C400F16EC0 /* DetailsTripViewController.swift */ = {isa = PBXFileReference; lastKnownFileType = sourcecode.swift; path = DetailsTripViewController.swift; sourceTree = "<group>"; };
		454517D828460E6E00F16EC0 /* DateTransformer.swift */ = {isa = PBXFileReference; lastKnownFileType = sourcecode.swift; path = DateTransformer.swift; sourceTree = "<group>"; };
		454517DB28460F7400F16EC0 /* TripModel.swift */ = {isa = PBXFileReference; lastKnownFileType = sourcecode.swift; path = TripModel.swift; sourceTree = "<group>"; };
		454517DE284672A300F16EC0 /* UIImageExtensions.swift */ = {isa = PBXFileReference; lastKnownFileType = sourcecode.swift; path = UIImageExtensions.swift; sourceTree = "<group>"; };
		454517E02846741400F16EC0 /* UIImageView.swift */ = {isa = PBXFileReference; lastKnownFileType = sourcecode.swift; path = UIImageView.swift; sourceTree = "<group>"; };
		454517E328468EAB00F16EC0 /* ProximaNova-Bold.ttf */ = {isa = PBXFileReference; lastKnownFileType = file; path = "ProximaNova-Bold.ttf"; sourceTree = "<group>"; };
		454517E428468EAB00F16EC0 /* ProximaNova-Black.ttf */ = {isa = PBXFileReference; lastKnownFileType = file; path = "ProximaNova-Black.ttf"; sourceTree = "<group>"; };
		454517E528468EAB00F16EC0 /* ProximaNova-Regular.ttf */ = {isa = PBXFileReference; lastKnownFileType = file; path = "ProximaNova-Regular.ttf"; sourceTree = "<group>"; };
		454517E928468F6700F16EC0 /* UIFontExtension.swift */ = {isa = PBXFileReference; lastKnownFileType = sourcecode.swift; path = UIFontExtension.swift; sourceTree = "<group>"; };
/* End PBXFileReference section */

/* Begin PBXFrameworksBuildPhase section */
		453F258428453C4E00E09250 /* Frameworks */ = {
			isa = PBXFrameworksBuildPhase;
			buildActionMask = 2147483647;
			files = (
			);
			runOnlyForDeploymentPostprocessing = 0;
		};
/* End PBXFrameworksBuildPhase section */

/* Begin PBXGroup section */
		453F257E28453C4E00E09250 = {
			isa = PBXGroup;
			children = (
				453F258928453C4E00E09250 /* hightTimeToTravel */,
				453F258828453C4E00E09250 /* Products */,
			);
			sourceTree = "<group>";
		};
		453F258828453C4E00E09250 /* Products */ = {
			isa = PBXGroup;
			children = (
				453F258728453C4E00E09250 /* hightTimeToTravel.app */,
			);
			name = Products;
			sourceTree = "<group>";
		};
		453F258928453C4E00E09250 /* hightTimeToTravel */ = {
			isa = PBXGroup;
			children = (
				454517D42846066500F16EC0 /* Application */,
				454517D52846067700F16EC0 /* Controllers */,
				454517D7284606B300F16EC0 /* Cells */,
				454517DA28460F6100F16EC0 /* Models */,
				454517D62846069A00F16EC0 /* Network */,
				453F25A028453E5E00E09250 /* Extensions */,
				454517DD2846634C00F16EC0 /* Recources */,
			);
			path = hightTimeToTravel;
			sourceTree = "<group>";
		};
		453F25A028453E5E00E09250 /* Extensions */ = {
			isa = PBXGroup;
			children = (
				453F25A128453E7800E09250 /* UILabelExtensions.swift */,
				454517DE284672A300F16EC0 /* UIImageExtensions.swift */,
				453F25A3284549E100E09250 /* UIViewExtensions.swift */,
				454517E02846741400F16EC0 /* UIImageView.swift */,
				454517E928468F6700F16EC0 /* UIFontExtension.swift */,
				454517D828460E6E00F16EC0 /* DateTransformer.swift */,
			);
			path = Extensions;
			sourceTree = "<group>";
		};
		454517D42846066500F16EC0 /* Application */ = {
			isa = PBXGroup;
			children = (
				453F258A28453C4E00E09250 /* AppDelegate.swift */,
				453F258C28453C4E00E09250 /* SceneDelegate.swift */,
			);
			path = Application;
			sourceTree = "<group>";
		};
		454517D52846067700F16EC0 /* Controllers */ = {
			isa = PBXGroup;
			children = (
				453F258E28453C4E00E09250 /* StartScreenViewController.swift */,
				454517D2284602C400F16EC0 /* DetailsTripViewController.swift */,
			);
			path = Controllers;
			sourceTree = "<group>";
		};
		454517D62846069A00F16EC0 /* Network */ = {
			isa = PBXGroup;
			children = (
				454517CC28455A2300F16EC0 /* NetworkService.swift */,
				454517D02845F17100F16EC0 /* NetworkError.swift */,
				454517CE28455AD000F16EC0 /* NetModel.swift */,
			);
			path = Network;
			sourceTree = "<group>";
		};
		454517D7284606B300F16EC0 /* Cells */ = {
			isa = PBXGroup;
			children = (
				453F259E28453DA800E09250 /* StartScreenTableViewCell.swift */,
			);
			path = Cells;
			sourceTree = "<group>";
		};
		454517DA28460F6100F16EC0 /* Models */ = {
			isa = PBXGroup;
			children = (
				454517DB28460F7400F16EC0 /* TripModel.swift */,
			);
			path = Models;
			sourceTree = "<group>";
		};
		454517DD2846634C00F16EC0 /* Recources */ = {
			isa = PBXGroup;
			children = (
				454517E228468E7400F16EC0 /* Fonts */,
				453F259328453C5300E09250 /* Assets.xcassets */,
				453F259528453C5300E09250 /* LaunchScreen.storyboard */,
				453F259828453C5300E09250 /* Info.plist */,
			);
			path = Recources;
			sourceTree = "<group>";
		};
		454517E228468E7400F16EC0 /* Fonts */ = {
			isa = PBXGroup;
			children = (
				454517E428468EAB00F16EC0 /* ProximaNova-Black.ttf */,
				454517E328468EAB00F16EC0 /* ProximaNova-Bold.ttf */,
				454517E528468EAB00F16EC0 /* ProximaNova-Regular.ttf */,
			);
			path = Fonts;
			sourceTree = "<group>";
		};
/* End PBXGroup section */

/* Begin PBXNativeTarget section */
		453F258628453C4E00E09250 /* hightTimeToTravel */ = {
			isa = PBXNativeTarget;
			buildConfigurationList = 453F259B28453C5300E09250 /* Build configuration list for PBXNativeTarget "hightTimeToTravel" */;
			buildPhases = (
				453F258328453C4E00E09250 /* Sources */,
				453F258428453C4E00E09250 /* Frameworks */,
				453F258528453C4E00E09250 /* Resources */,
			);
			buildRules = (
			);
			dependencies = (
			);
			name = hightTimeToTravel;
			productName = hightTimeToTravel;
			productReference = 453F258728453C4E00E09250 /* hightTimeToTravel.app */;
			productType = "com.apple.product-type.application";
		};
/* End PBXNativeTarget section */

/* Begin PBXProject section */
		453F257F28453C4E00E09250 /* Project object */ = {
			isa = PBXProject;
			attributes = {
				BuildIndependentTargetsInParallel = 1;
				LastSwiftUpdateCheck = 1320;
				LastUpgradeCheck = 1320;
				TargetAttributes = {
					453F258628453C4E00E09250 = {
						CreatedOnToolsVersion = 13.2.1;
					};
				};
			};
			buildConfigurationList = 453F258228453C4E00E09250 /* Build configuration list for PBXProject "hightTimeToTravel" */;
			compatibilityVersion = "Xcode 13.0";
			developmentRegion = en;
			hasScannedForEncodings = 0;
			knownRegions = (
				en,
				Base,
			);
			mainGroup = 453F257E28453C4E00E09250;
			productRefGroup = 453F258828453C4E00E09250 /* Products */;
			projectDirPath = "";
			projectRoot = "";
			targets = (
				453F258628453C4E00E09250 /* hightTimeToTravel */,
			);
		};
/* End PBXProject section */

/* Begin PBXResourcesBuildPhase section */
		453F258528453C4E00E09250 /* Resources */ = {
			isa = PBXResourcesBuildPhase;
			buildActionMask = 2147483647;
			files = (
				453F259728453C5300E09250 /* LaunchScreen.storyboard in Resources */,
				454517E828468EAB00F16EC0 /* ProximaNova-Regular.ttf in Resources */,
				454517E628468EAB00F16EC0 /* ProximaNova-Bold.ttf in Resources */,
				453F259428453C5300E09250 /* Assets.xcassets in Resources */,
				454517E728468EAB00F16EC0 /* ProximaNova-Black.ttf in Resources */,
			);
			runOnlyForDeploymentPostprocessing = 0;
		};
/* End PBXResourcesBuildPhase section */

/* Begin PBXSourcesBuildPhase section */
		453F258328453C4E00E09250 /* Sources */ = {
			isa = PBXSourcesBuildPhase;
			buildActionMask = 2147483647;
			files = (
				453F258F28453C4E00E09250 /* StartScreenViewController.swift in Sources */,
				454517EA28468F6700F16EC0 /* UIFontExtension.swift in Sources */,
				454517D928460E6E00F16EC0 /* DateTransformer.swift in Sources */,
				454517E12846741400F16EC0 /* UIImageView.swift in Sources */,
				454517DC28460F7400F16EC0 /* TripModel.swift in Sources */,
				454517CF28455AD000F16EC0 /* NetModel.swift in Sources */,
				453F258B28453C4E00E09250 /* AppDelegate.swift in Sources */,
				454517DF284672A300F16EC0 /* UIImageExtensions.swift in Sources */,
				453F25A228453E7800E09250 /* UILabelExtensions.swift in Sources */,
				454517D3284602C400F16EC0 /* DetailsTripViewController.swift in Sources */,
				453F259F28453DA800E09250 /* StartScreenTableViewCell.swift in Sources */,
				453F25A4284549E100E09250 /* UIViewExtensions.swift in Sources */,
				454517D12845F17100F16EC0 /* NetworkError.swift in Sources */,
				453F258D28453C4E00E09250 /* SceneDelegate.swift in Sources */,
				454517CD28455A2300F16EC0 /* NetworkService.swift in Sources */,
			);
			runOnlyForDeploymentPostprocessing = 0;
		};
/* End PBXSourcesBuildPhase section */

/* Begin PBXVariantGroup section */
		453F259528453C5300E09250 /* LaunchScreen.storyboard */ = {
			isa = PBXVariantGroup;
			children = (
				453F259628453C5300E09250 /* Base */,
			);
			name = LaunchScreen.storyboard;
			sourceTree = "<group>";
		};
/* End PBXVariantGroup section */

/* Begin XCBuildConfiguration section */
		453F259928453C5300E09250 /* Debug */ = {
			isa = XCBuildConfiguration;
			buildSettings = {
				ALWAYS_SEARCH_USER_PATHS = NO;
				CLANG_ANALYZER_NONNULL = YES;
				CLANG_ANALYZER_NUMBER_OBJECT_CONVERSION = YES_AGGRESSIVE;
				CLANG_CXX_LANGUAGE_STANDARD = "gnu++17";
				CLANG_CXX_LIBRARY = "libc++";
				CLANG_ENABLE_MODULES = YES;
				CLANG_ENABLE_OBJC_ARC = YES;
				CLANG_ENABLE_OBJC_WEAK = YES;
				CLANG_WARN_BLOCK_CAPTURE_AUTORELEASING = YES;
				CLANG_WARN_BOOL_CONVERSION = YES;
				CLANG_WARN_COMMA = YES;
				CLANG_WARN_CONSTANT_CONVERSION = YES;
				CLANG_WARN_DEPRECATED_OBJC_IMPLEMENTATIONS = YES;
				CLANG_WARN_DIRECT_OBJC_ISA_USAGE = YES_ERROR;
				CLANG_WARN_DOCUMENTATION_COMMENTS = YES;
				CLANG_WARN_EMPTY_BODY = YES;
				CLANG_WARN_ENUM_CONVERSION = YES;
				CLANG_WARN_INFINITE_RECURSION = YES;
				CLANG_WARN_INT_CONVERSION = YES;
				CLANG_WARN_NON_LITERAL_NULL_CONVERSION = YES;
				CLANG_WARN_OBJC_IMPLICIT_RETAIN_SELF = YES;
				CLANG_WARN_OBJC_LITERAL_CONVERSION = YES;
				CLANG_WARN_OBJC_ROOT_CLASS = YES_ERROR;
				CLANG_WARN_QUOTED_INCLUDE_IN_FRAMEWORK_HEADER = YES;
				CLANG_WARN_RANGE_LOOP_ANALYSIS = YES;
				CLANG_WARN_STRICT_PROTOTYPES = YES;
				CLANG_WARN_SUSPICIOUS_MOVE = YES;
				CLANG_WARN_UNGUARDED_AVAILABILITY = YES_AGGRESSIVE;
				CLANG_WARN_UNREACHABLE_CODE = YES;
				CLANG_WARN__DUPLICATE_METHOD_MATCH = YES;
				COPY_PHASE_STRIP = NO;
				DEBUG_INFORMATION_FORMAT = dwarf;
				ENABLE_STRICT_OBJC_MSGSEND = YES;
				ENABLE_TESTABILITY = YES;
				GCC_C_LANGUAGE_STANDARD = gnu11;
				GCC_DYNAMIC_NO_PIC = NO;
				GCC_NO_COMMON_BLOCKS = YES;
				GCC_OPTIMIZATION_LEVEL = 0;
				GCC_PREPROCESSOR_DEFINITIONS = (
					"DEBUG=1",
					"$(inherited)",
				);
				GCC_WARN_64_TO_32_BIT_CONVERSION = YES;
				GCC_WARN_ABOUT_RETURN_TYPE = YES_ERROR;
				GCC_WARN_UNDECLARED_SELECTOR = YES;
				GCC_WARN_UNINITIALIZED_AUTOS = YES_AGGRESSIVE;
				GCC_WARN_UNUSED_FUNCTION = YES;
				GCC_WARN_UNUSED_VARIABLE = YES;
				IPHONEOS_DEPLOYMENT_TARGET = 15.2;
				MTL_ENABLE_DEBUG_INFO = INCLUDE_SOURCE;
				MTL_FAST_MATH = YES;
				ONLY_ACTIVE_ARCH = YES;
				SDKROOT = iphoneos;
				SWIFT_ACTIVE_COMPILATION_CONDITIONS = DEBUG;
				SWIFT_OPTIMIZATION_LEVEL = "-Onone";
			};
			name = Debug;
		};
		453F259A28453C5300E09250 /* Release */ = {
			isa = XCBuildConfiguration;
			buildSettings = {
				ALWAYS_SEARCH_USER_PATHS = NO;
				CLANG_ANALYZER_NONNULL = YES;
				CLANG_ANALYZER_NUMBER_OBJECT_CONVERSION = YES_AGGRESSIVE;
				CLANG_CXX_LANGUAGE_STANDARD = "gnu++17";
				CLANG_CXX_LIBRARY = "libc++";
				CLANG_ENABLE_MODULES = YES;
				CLANG_ENABLE_OBJC_ARC = YES;
				CLANG_ENABLE_OBJC_WEAK = YES;
				CLANG_WARN_BLOCK_CAPTURE_AUTORELEASING = YES;
				CLANG_WARN_BOOL_CONVERSION = YES;
				CLANG_WARN_COMMA = YES;
				CLANG_WARN_CONSTANT_CONVERSION = YES;
				CLANG_WARN_DEPRECATED_OBJC_IMPLEMENTATIONS = YES;
				CLANG_WARN_DIRECT_OBJC_ISA_USAGE = YES_ERROR;
				CLANG_WARN_DOCUMENTATION_COMMENTS = YES;
				CLANG_WARN_EMPTY_BODY = YES;
				CLANG_WARN_ENUM_CONVERSION = YES;
				CLANG_WARN_INFINITE_RECURSION = YES;
				CLANG_WARN_INT_CONVERSION = YES;
				CLANG_WARN_NON_LITERAL_NULL_CONVERSION = YES;
				CLANG_WARN_OBJC_IMPLICIT_RETAIN_SELF = YES;
				CLANG_WARN_OBJC_LITERAL_CONVERSION = YES;
				CLANG_WARN_OBJC_ROOT_CLASS = YES_ERROR;
				CLANG_WARN_QUOTED_INCLUDE_IN_FRAMEWORK_HEADER = YES;
				CLANG_WARN_RANGE_LOOP_ANALYSIS = YES;
				CLANG_WARN_STRICT_PROTOTYPES = YES;
				CLANG_WARN_SUSPICIOUS_MOVE = YES;
				CLANG_WARN_UNGUARDED_AVAILABILITY = YES_AGGRESSIVE;
				CLANG_WARN_UNREACHABLE_CODE = YES;
				CLANG_WARN__DUPLICATE_METHOD_MATCH = YES;
				COPY_PHASE_STRIP = NO;
				DEBUG_INFORMATION_FORMAT = "dwarf-with-dsym";
				ENABLE_NS_ASSERTIONS = NO;
				ENABLE_STRICT_OBJC_MSGSEND = YES;
				GCC_C_LANGUAGE_STANDARD = gnu11;
				GCC_NO_COMMON_BLOCKS = YES;
				GCC_WARN_64_TO_32_BIT_CONVERSION = YES;
				GCC_WARN_ABOUT_RETURN_TYPE = YES_ERROR;
				GCC_WARN_UNDECLARED_SELECTOR = YES;
				GCC_WARN_UNINITIALIZED_AUTOS = YES_AGGRESSIVE;
				GCC_WARN_UNUSED_FUNCTION = YES;
				GCC_WARN_UNUSED_VARIABLE = YES;
				IPHONEOS_DEPLOYMENT_TARGET = 15.2;
				MTL_ENABLE_DEBUG_INFO = NO;
				MTL_FAST_MATH = YES;
				SDKROOT = iphoneos;
				SWIFT_COMPILATION_MODE = wholemodule;
				SWIFT_OPTIMIZATION_LEVEL = "-O";
				VALIDATE_PRODUCT = YES;
			};
			name = Release;
		};
		453F259C28453C5300E09250 /* Debug */ = {
			isa = XCBuildConfiguration;
			buildSettings = {
				ASSETCATALOG_COMPILER_APPICON_NAME = AppIcon;
				ASSETCATALOG_COMPILER_GLOBAL_ACCENT_COLOR_NAME = AccentColor;
				CODE_SIGN_STYLE = Automatic;
				CURRENT_PROJECT_VERSION = 1;
				DEVELOPMENT_TEAM = 6WTM73J33R;
				GENERATE_INFOPLIST_FILE = YES;
				INFOPLIST_FILE = hightTimeToTravel/Recources/Info.plist;
				INFOPLIST_KEY_UIApplicationSupportsIndirectInputEvents = YES;
				INFOPLIST_KEY_UILaunchStoryboardName = LaunchScreen;
				INFOPLIST_KEY_UISupportedInterfaceOrientations_iPad = "UIInterfaceOrientationPortrait UIInterfaceOrientationPortraitUpsideDown UIInterfaceOrientationLandscapeLeft UIInterfaceOrientationLandscapeRight";
				INFOPLIST_KEY_UISupportedInterfaceOrientations_iPhone = "UIInterfaceOrientationPortrait UIInterfaceOrientationLandscapeLeft UIInterfaceOrientationLandscapeRight";
				LD_RUNPATH_SEARCH_PATHS = (
					"$(inherited)",
					"@executable_path/Frameworks",
				);
				MARKETING_VERSION = 1.0;
				PRODUCT_BUNDLE_IDENTIFIER = com.amarunseka.myLearning.hightTimeToTravel;
				PRODUCT_NAME = "$(TARGET_NAME)";
				SWIFT_EMIT_LOC_STRINGS = YES;
				SWIFT_VERSION = 5.0;
				TARGETED_DEVICE_FAMILY = "1,2";
			};
			name = Debug;
		};
		453F259D28453C5300E09250 /* Release */ = {
			isa = XCBuildConfiguration;
			buildSettings = {
				ASSETCATALOG_COMPILER_APPICON_NAME = AppIcon;
				ASSETCATALOG_COMPILER_GLOBAL_ACCENT_COLOR_NAME = AccentColor;
				CODE_SIGN_STYLE = Automatic;
				CURRENT_PROJECT_VERSION = 1;
				DEVELOPMENT_TEAM = 6WTM73J33R;
				GENERATE_INFOPLIST_FILE = YES;
				INFOPLIST_FILE = hightTimeToTravel/Recources/Info.plist;
				INFOPLIST_KEY_UIApplicationSupportsIndirectInputEvents = YES;
				INFOPLIST_KEY_UILaunchStoryboardName = LaunchScreen;
				INFOPLIST_KEY_UISupportedInterfaceOrientations_iPad = "UIInterfaceOrientationPortrait UIInterfaceOrientationPortraitUpsideDown UIInterfaceOrientationLandscapeLeft UIInterfaceOrientationLandscapeRight";
				INFOPLIST_KEY_UISupportedInterfaceOrientations_iPhone = "UIInterfaceOrientationPortrait UIInterfaceOrientationLandscapeLeft UIInterfaceOrientationLandscapeRight";
				LD_RUNPATH_SEARCH_PATHS = (
					"$(inherited)",
					"@executable_path/Frameworks",
				);
				MARKETING_VERSION = 1.0;
				PRODUCT_BUNDLE_IDENTIFIER = com.amarunseka.myLearning.hightTimeToTravel;
				PRODUCT_NAME = "$(TARGET_NAME)";
				SWIFT_EMIT_LOC_STRINGS = YES;
				SWIFT_VERSION = 5.0;
				TARGETED_DEVICE_FAMILY = "1,2";
			};
			name = Release;
		};
/* End XCBuildConfiguration section */

/* Begin XCConfigurationList section */
		453F258228453C4E00E09250 /* Build configuration list for PBXProject "hightTimeToTravel" */ = {
			isa = XCConfigurationList;
			buildConfigurations = (
				453F259928453C5300E09250 /* Debug */,
				453F259A28453C5300E09250 /* Release */,
			);
			defaultConfigurationIsVisible = 0;
			defaultConfigurationName = Release;
		};
		453F259B28453C5300E09250 /* Build configuration list for PBXNativeTarget "hightTimeToTravel" */ = {
			isa = XCConfigurationList;
			buildConfigurations = (
				453F259C28453C5300E09250 /* Debug */,
				453F259D28453C5300E09250 /* Release */,
			);
			defaultConfigurationIsVisible = 0;
			defaultConfigurationName = Release;
		};
/* End XCConfigurationList section */
	};
	rootObject = 453F257F28453C4E00E09250 /* Project object */;
}
